
Microsoft Visual Studio Solution File, Format Version 12.00
# Visual Studio Version 16
VisualStudioVersion = 16.0.31729.503
MinimumVisualStudioVersion = 10.0.40219.1
Project("{FAE04EC0-301F-11D3-BF4B-00C04F79EFBC}") = "MoodAnalyzerProblem", "MoodAnalyzerProblem.csproj", "{C9DE177E-54FD-4746-A2F0-5F2D272E32DC}"
EndProject
Project("{FAE04EC0-301F-11D3-BF4B-00C04F79EFBC}") = "MoodAnalyzerTesting", "..\MoodAnalyzerTesting\MoodAnalyzerTesting.csproj", "{1E9293BD-9881-47EC-946C-02B53D6B56FD}"
EndProject
Global
	GlobalSection(SolutionConfigurationPlatforms) = preSolution
		Debug|Any CPU = Debug|Any CPU
		Release|Any CPU = Release|Any CPU
	EndGlobalSection
	GlobalSection(ProjectConfigurationPlatforms) = postSolution
		{C9DE177E-54FD-4746-A2F0-5F2D272E32DC}.Debug|Any CPU.ActiveCfg = Debug|Any CPU
		{C9DE177E-54FD-4746-A2F0-5F2D272E32DC}.Debug|Any CPU.Build.0 = Debug|Any CPU
		{C9DE177E-54FD-4746-A2F0-5F2D272E32DC}.Release|Any CPU.ActiveCfg = Release|Any CPU
		{C9DE177E-54FD-4746-A2F0-5F2D272E32DC}.Release|Any CPU.Build.0 = Release|Any CPU
		{1E9293BD-9881-47EC-946C-02B53D6B56FD}.Debug|Any CPU.ActiveCfg = Debug|Any CPU
		{1E9293BD-9881-47EC-946C-02B53D6B56FD}.Debug|Any CPU.Build.0 = Debug|Any CPU
		{1E9293BD-9881-47EC-946C-02B53D6B56FD}.Release|Any CPU.ActiveCfg = Release|Any CPU
		{1E9293BD-9881-47EC-946C-02B53D6B56FD}.Release|Any CPU.Build.0 = Release|Any CPU
	EndGlobalSection
	GlobalSection(SolutionProperties) = preSolution
		HideSolutionNode = FALSE
	EndGlobalSection
	GlobalSection(ExtensibilityGlobals) = postSolution
		SolutionGuid = {FDCB87A5-E4BF-4064-9BCC-FD7A1BFCECC1}
	EndGlobalSection
EndGlobal
